
Microsoft Visual Studio Solution File, Format Version 12.00
# Visual Studio 15
VisualStudioVersion = 15.0.28010.2003
MinimumVisualStudioVersion = 10.0.40219.1
Project("{FAE04EC0-301F-11D3-BF4B-00C04F79EFBC}") = "WebApplication1_Test", "WebApplication1_Test\WebApplication1_Test.csproj", "{2CCCCF37-4E46-4873-933E-3E44D4168FA1}"
EndProject
Project("{FAE04EC0-301F-11D3-BF4B-00C04F79EFBC}") = "WebApplication1_Test.Tests", "WebApplication1_Test.Tests\WebApplication1_Test.Tests.csproj", "{B9BA2D4C-BDE7-418F-A07D-E7493FE4C385}"
EndProject
Global
	GlobalSection(SolutionConfigurationPlatforms) = preSolution
		Debug|Any CPU = Debug|Any CPU
		Production|Any CPU = Production|Any CPU
		QA|Any CPU = QA|Any CPU
		Release|Any CPU = Release|Any CPU
	EndGlobalSection
	GlobalSection(ProjectConfigurationPlatforms) = postSolution
		{2CCCCF37-4E46-4873-933E-3E44D4168FA1}.Debug|Any CPU.ActiveCfg = Debug|Any CPU
		{2CCCCF37-4E46-4873-933E-3E44D4168FA1}.Debug|Any CPU.Build.0 = Debug|Any CPU
		{2CCCCF37-4E46-4873-933E-3E44D4168FA1}.Production|Any CPU.ActiveCfg = Production|Any CPU
		{2CCCCF37-4E46-4873-933E-3E44D4168FA1}.Production|Any CPU.Build.0 = Production|Any CPU
		{2CCCCF37-4E46-4873-933E-3E44D4168FA1}.QA|Any CPU.ActiveCfg = QA|Any CPU
		{2CCCCF37-4E46-4873-933E-3E44D4168FA1}.QA|Any CPU.Build.0 = QA|Any CPU
		{2CCCCF37-4E46-4873-933E-3E44D4168FA1}.Release|Any CPU.ActiveCfg = Release|Any CPU
		{2CCCCF37-4E46-4873-933E-3E44D4168FA1}.Release|Any CPU.Build.0 = Release|Any CPU
		{B9BA2D4C-BDE7-418F-A07D-E7493FE4C385}.Debug|Any CPU.ActiveCfg = Debug|Any CPU
		{B9BA2D4C-BDE7-418F-A07D-E7493FE4C385}.Debug|Any CPU.Build.0 = Debug|Any CPU
		{B9BA2D4C-BDE7-418F-A07D-E7493FE4C385}.Production|Any CPU.ActiveCfg = Production|Any CPU
		{B9BA2D4C-BDE7-418F-A07D-E7493FE4C385}.Production|Any CPU.Build.0 = Production|Any CPU
		{B9BA2D4C-BDE7-418F-A07D-E7493FE4C385}.QA|Any CPU.ActiveCfg = QA|Any CPU
		{B9BA2D4C-BDE7-418F-A07D-E7493FE4C385}.QA|Any CPU.Build.0 = QA|Any CPU
		{B9BA2D4C-BDE7-418F-A07D-E7493FE4C385}.Release|Any CPU.ActiveCfg = Release|Any CPU
		{B9BA2D4C-BDE7-418F-A07D-E7493FE4C385}.Release|Any CPU.Build.0 = Release|Any CPU
	EndGlobalSection
	GlobalSection(SolutionProperties) = preSolution
		HideSolutionNode = FALSE
	EndGlobalSection
	GlobalSection(ExtensibilityGlobals) = postSolution
		SolutionGuid = {BF483C3A-8465-4A5C-9CAE-1B35179004C0}
	EndGlobalSection
EndGlobal
